
Microsoft Visual Studio Solution File, Format Version 12.00
# Visual Studio 15
VisualStudioVersion = 15.0.28307.489
MinimumVisualStudioVersion = 10.0.40219.1
Project("{FAE04EC0-301F-11D3-BF4B-00C04F79EFBC}") = "MySQLApp", "MySQLApp\MySQLApp.csproj", "{6C9E9CC8-1EE1-4E6F-8A9B-F0AC910276B0}"
EndProject
Global
	GlobalSection(SolutionConfigurationPlatforms) = preSolution
		Debug|Any CPU = Debug|Any CPU
		Release|Any CPU = Release|Any CPU
	EndGlobalSection
	GlobalSection(ProjectConfigurationPlatforms) = postSolution
		{6C9E9CC8-1EE1-4E6F-8A9B-F0AC910276B0}.Debug|Any CPU.ActiveCfg = Debug|Any CPU
		{6C9E9CC8-1EE1-4E6F-8A9B-F0AC910276B0}.Debug|Any CPU.Build.0 = Debug|Any CPU
		{6C9E9CC8-1EE1-4E6F-8A9B-F0AC910276B0}.Release|Any CPU.ActiveCfg = Release|Any CPU
		{6C9E9CC8-1EE1-4E6F-8A9B-F0AC910276B0}.Release|Any CPU.Build.0 = Release|Any CPU
	EndGlobalSection
	GlobalSection(SolutionProperties) = preSolution
		HideSolutionNode = FALSE
	EndGlobalSection
	GlobalSection(ExtensibilityGlobals) = postSolution
		SolutionGuid = {D93F6E77-29AD-4F4B-9F63-7237B16042F5}
	EndGlobalSection
EndGlobal
